// !$*UTF8*$!
{
	archiveVersion = 1;
	classes = {
	};
	objectVersion = 46;
	objects = {

/* Begin PBXBuildFile section */
		49AA6B5E1BB9B6F90079E085 /* AppDelegate.swift in Sources */ = {isa = PBXBuildFile; fileRef = 49AA6B5D1BB9B6F90079E085 /* AppDelegate.swift */; };
		49AA6B631BB9B6F90079E085 /* Main.storyboard in Resources */ = {isa = PBXBuildFile; fileRef = 49AA6B611BB9B6F90079E085 /* Main.storyboard */; };
		49AA6B651BB9B6F90079E085 /* Assets.xcassets in Resources */ = {isa = PBXBuildFile; fileRef = 49AA6B641BB9B6F90079E085 /* Assets.xcassets */; };
		49AA6B681BB9B6F90079E085 /* LaunchScreen.storyboard in Resources */ = {isa = PBXBuildFile; fileRef = 49AA6B661BB9B6F90079E085 /* LaunchScreen.storyboard */; };
		49AA6B701BB9BB5D0079E085 /* GooniesTableViewController.swift in Sources */ = {isa = PBXBuildFile; fileRef = 49AA6B6F1BB9BB5D0079E085 /* GooniesTableViewController.swift */; settings = {ASSET_TAGS = (); }; };
		49AA6B721BB9BC300079E085 /* Goonies.swift in Sources */ = {isa = PBXBuildFile; fileRef = 49AA6B711BB9BC300079E085 /* Goonies.swift */; settings = {ASSET_TAGS = (); }; };
		49AA6B741BB9C7790079E085 /* GoonieTableViewCell.swift in Sources */ = {isa = PBXBuildFile; fileRef = 49AA6B731BB9C7790079E085 /* GoonieTableViewCell.swift */; settings = {ASSET_TAGS = (); }; };
/* End PBXBuildFile section */

/* Begin PBXFileReference section */
		49AA6B5A1BB9B6F90079E085 /* GitHubGoonies.app */ = {isa = PBXFileReference; explicitFileType = wrapper.application; includeInIndex = 0; path = GitHubGoonies.app; sourceTree = BUILT_PRODUCTS_DIR; };
		49AA6B5D1BB9B6F90079E085 /* AppDelegate.swift */ = {isa = PBXFileReference; lastKnownFileType = sourcecode.swift; path = AppDelegate.swift; sourceTree = "<group>"; };
		49AA6B621BB9B6F90079E085 /* Base */ = {isa = PBXFileReference; lastKnownFileType = file.storyboard; name = Base; path = Base.lproj/Main.storyboard; sourceTree = "<group>"; };
		49AA6B641BB9B6F90079E085 /* Assets.xcassets */ = {isa = PBXFileReference; lastKnownFileType = folder.assetcatalog; path = Assets.xcassets; sourceTree = "<group>"; };
		49AA6B671BB9B6F90079E085 /* Base */ = {isa = PBXFileReference; lastKnownFileType = file.storyboard; name = Base; path = Base.lproj/LaunchScreen.storyboard; sourceTree = "<group>"; };
		49AA6B691BB9B6F90079E085 /* Info.plist */ = {isa = PBXFileReference; lastKnownFileType = text.plist.xml; path = Info.plist; sourceTree = "<group>"; };
		49AA6B6F1BB9BB5D0079E085 /* GooniesTableViewController.swift */ = {isa = PBXFileReference; fileEncoding = 4; lastKnownFileType = sourcecode.swift; path = GooniesTableViewController.swift; sourceTree = "<group>"; };
		49AA6B711BB9BC300079E085 /* Goonies.swift */ = {isa = PBXFileReference; fileEncoding = 4; lastKnownFileType = sourcecode.swift; path = Goonies.swift; sourceTree = "<group>"; };
		49AA6B731BB9C7790079E085 /* GoonieTableViewCell.swift */ = {isa = PBXFileReference; fileEncoding = 4; lastKnownFileType = sourcecode.swift; path = GoonieTableViewCell.swift; sourceTree = "<group>"; };
/* End PBXFileReference section */

/* Begin PBXFrameworksBuildPhase section */
		49AA6B571BB9B6F90079E085 /* Frameworks */ = {
			isa = PBXFrameworksBuildPhase;
			buildActionMask = 2147483647;
			files = (
			);
			runOnlyForDeploymentPostprocessing = 0;
		};
/* End PBXFrameworksBuildPhase section */

/* Begin PBXGroup section */
		49AA6B511BB9B6F90079E085 = {
			isa = PBXGroup;
			children = (
				49AA6B5C1BB9B6F90079E085 /* GitHubGoonies */,
				49AA6B5B1BB9B6F90079E085 /* Products */,
			);
			sourceTree = "<group>";
		};
		49AA6B5B1BB9B6F90079E085 /* Products */ = {
			isa = PBXGroup;
			children = (
				49AA6B5A1BB9B6F90079E085 /* GitHubGoonies.app */,
			);
			name = Products;
			sourceTree = "<group>";
		};
		49AA6B5C1BB9B6F90079E085 /* GitHubGoonies */ = {
			isa = PBXGroup;
			children = (
				49AA6B6F1BB9BB5D0079E085 /* GooniesTableViewController.swift */,
				49AA6B731BB9C7790079E085 /* GoonieTableViewCell.swift */,
				49AA6B711BB9BC300079E085 /* Goonies.swift */,
				49AA6B5D1BB9B6F90079E085 /* AppDelegate.swift */,
				49AA6B611BB9B6F90079E085 /* Main.storyboard */,
				49AA6B641BB9B6F90079E085 /* Assets.xcassets */,
				49AA6B661BB9B6F90079E085 /* LaunchScreen.storyboard */,
				49AA6B691BB9B6F90079E085 /* Info.plist */,
			);
			path = GitHubGoonies;
			sourceTree = "<group>";
		};
/* End PBXGroup section */

/* Begin PBXNativeTarget section */
		49AA6B591BB9B6F90079E085 /* GitHubGoonies */ = {
			isa = PBXNativeTarget;
			buildConfigurationList = 49AA6B6C1BB9B6F90079E085 /* Build configuration list for PBXNativeTarget "GitHubGoonies" */;
			buildPhases = (
				49AA6B561BB9B6F90079E085 /* Sources */,
				49AA6B571BB9B6F90079E085 /* Frameworks */,
				49AA6B581BB9B6F90079E085 /* Resources */,
			);
			buildRules = (
			);
			dependencies = (
			);
			name = GitHubGoonies;
			productName = GitHubGoonies;
			productReference = 49AA6B5A1BB9B6F90079E085 /* GitHubGoonies.app */;
			productType = "com.apple.product-type.application";
		};
/* End PBXNativeTarget section */

/* Begin PBXProject section */
		49AA6B521BB9B6F90079E085 /* Project object */ = {
			isa = PBXProject;
			attributes = {
				LastUpgradeCheck = 0700;
				ORGANIZATIONNAME = "Alex Oh";
				TargetAttributes = {
					49AA6B591BB9B6F90079E085 = {
						CreatedOnToolsVersion = 7.0;
					};
				};
			};
			buildConfigurationList = 49AA6B551BB9B6F90079E085 /* Build configuration list for PBXProject "GitHubGoonies" */;
			compatibilityVersion = "Xcode 3.2";
			developmentRegion = English;
			hasScannedForEncodings = 0;
			knownRegions = (
				en,
				Base,
			);
			mainGroup = 49AA6B511BB9B6F90079E085;
			productRefGroup = 49AA6B5B1BB9B6F90079E085 /* Products */;
			projectDirPath = "";
			projectRoot = "";
			targets = (
				49AA6B591BB9B6F90079E085 /* GitHubGoonies */,
			);
		};
/* End PBXProject section */

/* Begin PBXResourcesBuildPhase section */
		49AA6B581BB9B6F90079E085 /* Resources */ = {
			isa = PBXResourcesBuildPhase;
			buildActionMask = 2147483647;
			files = (
				49AA6B681BB9B6F90079E085 /* LaunchScreen.storyboard in Resources */,
				49AA6B651BB9B6F90079E085 /* Assets.xcassets in Resources */,
				49AA6B631BB9B6F90079E085 /* Main.storyboard in Resources */,
			);
			runOnlyForDeploymentPostprocessing = 0;
		};
/* End PBXResourcesBuildPhase section */

/* Begin PBXSourcesBuildPhase section */
		49AA6B561BB9B6F90079E085 /* Sources */ = {
			isa = PBXSourcesBuildPhase;
			buildActionMask = 2147483647;
			files = (
				49AA6B741BB9C7790079E085 /* GoonieTableViewCell.swift in Sources */,
				49AA6B721BB9BC300079E085 /* Goonies.swift in Sources */,
				49AA6B701BB9BB5D0079E085 /* GooniesTableViewController.swift in Sources */,
				49AA6B5E1BB9B6F90079E085 /* AppDelegate.swift in Sources */,
			);
			runOnlyForDeploymentPostprocessing = 0;
		};
/* End PBXSourcesBuildPhase section */

/* Begin PBXVariantGroup section */
		49AA6B611BB9B6F90079E085 /* Main.storyboard */ = {
			isa = PBXVariantGroup;
			children = (
				49AA6B621BB9B6F90079E085 /* Base */,
			);
			name = Main.storyboard;
			sourceTree = "<group>";
		};
		49AA6B661BB9B6F90079E085 /* LaunchScreen.storyboard */ = {
			isa = PBXVariantGroup;
			children = (
				49AA6B671BB9B6F90079E085 /* Base */,
			);
			name = LaunchScreen.storyboard;
			sourceTree = "<group>";
		};
/* End PBXVariantGroup section */

/* Begin XCBuildConfiguration section */
		49AA6B6A1BB9B6F90079E085 /* Debug */ = {
			isa = XCBuildConfiguration;
			buildSettings = {
				ALWAYS_SEARCH_USER_PATHS = NO;
				CLANG_CXX_LANGUAGE_STANDARD = "gnu++0x";
				CLANG_CXX_LIBRARY = "libc++";
				CLANG_ENABLE_MODULES = YES;
				CLANG_ENABLE_OBJC_ARC = YES;
				CLANG_WARN_BOOL_CONVERSION = YES;
				CLANG_WARN_CONSTANT_CONVERSION = YES;
				CLANG_WARN_DIRECT_OBJC_ISA_USAGE = YES_ERROR;
				CLANG_WARN_EMPTY_BODY = YES;
				CLANG_WARN_ENUM_CONVERSION = YES;
				CLANG_WARN_INT_CONVERSION = YES;
				CLANG_WARN_OBJC_ROOT_CLASS = YES_ERROR;
				CLANG_WARN_UNREACHABLE_CODE = YES;
				CLANG_WARN__DUPLICATE_METHOD_MATCH = YES;
				"CODE_SIGN_IDENTITY[sdk=iphoneos*]" = "iPhone Developer";
				COPY_PHASE_STRIP = NO;
				DEBUG_INFORMATION_FORMAT = dwarf;
				ENABLE_STRICT_OBJC_MSGSEND = YES;
				ENABLE_TESTABILITY = YES;
				GCC_C_LANGUAGE_STANDARD = gnu99;
				GCC_DYNAMIC_NO_PIC = NO;
				GCC_NO_COMMON_BLOCKS = YES;
				GCC_OPTIMIZATION_LEVEL = 0;
				GCC_PREPROCESSOR_DEFINITIONS = (
					"DEBUG=1",
					"$(inherited)",
				);
				GCC_WARN_64_TO_32_BIT_CONVERSION = YES;
				GCC_WARN_ABOUT_RETURN_TYPE = YES_ERROR;
				GCC_WARN_UNDECLARED_SELECTOR = YES;
				GCC_WARN_UNINITIALIZED_AUTOS = YES_AGGRESSIVE;
				GCC_WARN_UNUSED_FUNCTION = YES;
				GCC_WARN_UNUSED_VARIABLE = YES;
				IPHONEOS_DEPLOYMENT_TARGET = 9.0;
				MTL_ENABLE_DEBUG_INFO = YES;
				ONLY_ACTIVE_ARCH = YES;
				SDKROOT = iphoneos;
				SWIFT_OPTIMIZATION_LEVEL = "-Onone";
			};
			name = Debug;
		};
		49AA6B6B1BB9B6F90079E085 /* Release */ = {
			isa = XCBuildConfiguration;
			buildSettings = {
				ALWAYS_SEARCH_USER_PATHS = NO;
				CLANG_CXX_LANGUAGE_STANDARD = "gnu++0x";
				CLANG_CXX_LIBRARY = "libc++";
				CLANG_ENABLE_MODULES = YES;
				CLANG_ENABLE_OBJC_ARC = YES;
				CLANG_WARN_BOOL_CONVERSION = YES;
				CLANG_WARN_CONSTANT_CONVERSION = YES;
				CLANG_WARN_DIRECT_OBJC_ISA_USAGE = YES_ERROR;
				CLANG_WARN_EMPTY_BODY = YES;
				CLANG_WARN_ENUM_CONVERSION = YES;
				CLANG_WARN_INT_CONVERSION = YES;
				CLANG_WARN_OBJC_ROOT_CLASS = YES_ERROR;
				CLANG_WARN_UNREACHABLE_CODE = YES;
				CLANG_WARN__DUPLICATE_METHOD_MATCH = YES;
				"CODE_SIGN_IDENTITY[sdk=iphoneos*]" = "iPhone Developer";
				COPY_PHASE_STRIP = NO;
				DEBUG_INFORMATION_FORMAT = "dwarf-with-dsym";
				ENABLE_NS_ASSERTIONS = NO;
				ENABLE_STRICT_OBJC_MSGSEND = YES;
				GCC_C_LANGUAGE_STANDARD = gnu99;
				GCC_NO_COMMON_BLOCKS = YES;
				GCC_WARN_64_TO_32_BIT_CONVERSION = YES;
				GCC_WARN_ABOUT_RETURN_TYPE = YES_ERROR;
				GCC_WARN_UNDECLARED_SELECTOR = YES;
				GCC_WARN_UNINITIALIZED_AUTOS = YES_AGGRESSIVE;
				GCC_WARN_UNUSED_FUNCTION = YES;
				GCC_WARN_UNUSED_VARIABLE = YES;
				IPHONEOS_DEPLOYMENT_TARGET = 9.0;
				MTL_ENABLE_DEBUG_INFO = NO;
				SDKROOT = iphoneos;
				VALIDATE_PRODUCT = YES;
			};
			name = Release;
		};
		49AA6B6D1BB9B6F90079E085 /* Debug */ = {
			isa = XCBuildConfiguration;
			buildSettings = {
				ASSETCATALOG_COMPILER_APPICON_NAME = AppIcon;
				INFOPLIST_FILE = GitHubGoonies/Info.plist;
				LD_RUNPATH_SEARCH_PATHS = "$(inherited) @executable_path/Frameworks";
				PRODUCT_BUNDLE_IDENTIFIER = com.ao.GitHubGoonies;
				PRODUCT_NAME = "$(TARGET_NAME)";
			};
			name = Debug;
		};
		49AA6B6E1BB9B6F90079E085 /* Release */ = {
			isa = XCBuildConfiguration;
			buildSettings = {
				ASSETCATALOG_COMPILER_APPICON_NAME = AppIcon;
				INFOPLIST_FILE = GitHubGoonies/Info.plist;
				LD_RUNPATH_SEARCH_PATHS = "$(inherited) @executable_path/Frameworks";
				PRODUCT_BUNDLE_IDENTIFIER = com.ao.GitHubGoonies;
				PRODUCT_NAME = "$(TARGET_NAME)";
			};
			name = Release;
		};
/* End XCBuildConfiguration section */

/* Begin XCConfigurationList section */
		49AA6B551BB9B6F90079E085 /* Build configuration list for PBXProject "GitHubGoonies" */ = {
			isa = XCConfigurationList;
			buildConfigurations = (
				49AA6B6A1BB9B6F90079E085 /* Debug */,
				49AA6B6B1BB9B6F90079E085 /* Release */,
			);
			defaultConfigurationIsVisible = 0;
			defaultConfigurationName = Release;
		};
		49AA6B6C1BB9B6F90079E085 /* Build configuration list for PBXNativeTarget "GitHubGoonies" */ = {
			isa = XCConfigurationList;
			buildConfigurations = (
				49AA6B6D1BB9B6F90079E085 /* Debug */,
				49AA6B6E1BB9B6F90079E085 /* Release */,
			);
			defaultConfigurationIsVisible = 0;
		};
/* End XCConfigurationList section */
	};
	rootObject = 49AA6B521BB9B6F90079E085 /* Project object */;
}
